
Microsoft Visual Studio Solution File, Format Version 12.00
# Visual Studio Version 16
VisualStudioVersion = 16.0.30804.86
MinimumVisualStudioVersion = 10.0.40219.1
Project("{FAE04EC0-301F-11D3-BF4B-00C04F79EFBC}") = "k9pad", "k9pad\k9pad.csproj", "{CE910D52-9DBE-444A-8B12-86371683369A}"
EndProject
Global
	GlobalSection(SolutionConfigurationPlatforms) = preSolution
		Debug|Any CPU = Debug|Any CPU
		Debug|x64 = Debug|x64
		Release|Any CPU = Release|Any CPU
		Release|x64 = Release|x64
	EndGlobalSection
	GlobalSection(ProjectConfigurationPlatforms) = postSolution
		{CE910D52-9DBE-444A-8B12-86371683369A}.Debug|Any CPU.ActiveCfg = Debug|Any CPU
		{CE910D52-9DBE-444A-8B12-86371683369A}.Debug|Any CPU.Build.0 = Debug|Any CPU
		{CE910D52-9DBE-444A-8B12-86371683369A}.Debug|x64.ActiveCfg = Debug|x64
		{CE910D52-9DBE-444A-8B12-86371683369A}.Debug|x64.Build.0 = Debug|x64
		{CE910D52-9DBE-444A-8B12-86371683369A}.Release|Any CPU.ActiveCfg = Release|Any CPU
		{CE910D52-9DBE-444A-8B12-86371683369A}.Release|Any CPU.Build.0 = Release|Any CPU
		{CE910D52-9DBE-444A-8B12-86371683369A}.Release|x64.ActiveCfg = Release|x64
		{CE910D52-9DBE-444A-8B12-86371683369A}.Release|x64.Build.0 = Release|x64
	EndGlobalSection
	GlobalSection(SolutionProperties) = preSolution
		HideSolutionNode = FALSE
	EndGlobalSection
	GlobalSection(ExtensibilityGlobals) = postSolution
		SolutionGuid = {E0DCC68E-C0FB-47E5-B50B-C47313CF2178}
	EndGlobalSection
EndGlobal
